github.com/alecthomas/binary v0.0.0-20190922233330-fb1b1d9c299c/go.mod h1:v4e05/vzE8ubOim1No9Xx5eIQ/WRq6AtcnQIy/Z/JPs=
github.com/dataence/bloom v0.0.0-20151026233158-e24b032dccb1/go.mod h1:hQ0yBWNA+0SlYMlAkHsylNyF2c85ZPgnJ6pvMOkzpRY=
github.com/dataence/cityhash v0.0.0-20131128155616-cdd6a94144ab/go.mod h1:8k8m9EQDOnG3a2Z27FvW8LPScFO9P2JglEeq2kjKP9Y=
github.com/davecgh/go-spew v1.1.0/go.mod h1:J7Y8YcW2NihsgmVo/mv3lAwl/skON4iLHjSsI+c5H38=
github.com/jzelinskie/whirlpool v0.0.0-20201016144138-0675e54bb004 h1:G+9t9cEtnC9jFiTxyptEKuNIAbiN5ZCQzX2a74lj3xg=
github.com/jzelinskie/whirlpool v0.0.0-20201016144138-0675e54bb004/go.mod h1:KmHnJWQrgEvbuy0vcvj00gtMqbvNn1L+3YUZLK/B92c=
github.com/minio/blake2b-simd v0.0.0-20160723061019-3f5f724cb5b1 h1:lYpkrQH5ajf0OXOcUbGjvZxxijuBwbbmlSxLiuofa+g=
github.com/minio/blake2b-simd v0.0.0-20160723061019-3f5f724cb5b1/go.mod h1:pD8RvIylQ358TN4wwqatJ8rNavkEINozVn9DtGI3dfQ=
github.com/pmezard/go-difflib v1.0.0/go.mod h1:iKH77koFhYxTK1pcRnkKkqfTogsbg7gZNVY4sRDYZ/4=
github.com/spaolacci/murmur3 v1.1.0/go.mod h1:JwIasOWyU6f++ZhiEuf87xNszmSA2myDM2Kzu9HwQUA=
github.com/stretchr/objx v0.1.0/go.mod h1:HFkY916IF+rwdDfMAkV7OtwuqBVzrE8GR6GFx+wExME=
github.com/stretchr/testify v1.7.0/go.mod h1:6Fq8oRcR53rry900zMqJjRRixrwX3KX962/h/Wwjteg=
github.com/willf/bitset v1.1.11/go.mod h1:83CECat5yLh5zVOf4P1ErAgKA5UDvKtgyUABdr3+MjI=
github.com/zhenjl/bloom v0.0.0-20151026233158-e24b032dccb1/go.mod h1:m5109HBotwhAcpovJ+nory3OI1OrcUmaluV7vxjX+ig=
github.com/zhenjl/cityhash v0.0.0-20131128155616-cdd6a94144ab/go.mod h1:P6L88wrqK99Njntah9SB7AyzFpUXsXYq06LkjixxQmY=
gopkg.in/check.v1 v0.0.0-20161208181325-20d25e280405/go.mod h1:Co6ibVJAznAaIkqp8huTwlJQCZ016jof/cbN4VW5Yz0=
gopkg.in/yaml.v3 v3.0.0-20200313102051-9f266ea9e77c/go.mod h1:K4uyk7z7BCEPqu6E+C64Yfv1cQ7kz7rIZviUmN+EgEM=
leb.io/aeshash v0.0.0-20190627052759-9e6b40329b3b h1:MG17Tc0pA3XmFTsPwklMMEfcos3pTFnVYM4A0YfVSbU=
leb.io/aeshash v0.0.0-20190627052759-9e6b40329b3b/go.mod h1:BKjvdzZnV5WaMoO/kz/Fygl60dA79GTFQTSuKJmSdNs=
leb.io/cuckoo v0.1.2 h1:3/P44oEGwQ4E2xlRyvpPhvHQIvxHh5+VdanBbxRYhOk=
leb.io/cuckoo v0.1.2/go.mod h1:EAn6JQBg65dcILMLuPbBRbkSjd6u+4KA+iTwBEUxBuQ=
leb.io/hashes v0.1.1 h1:SZOy6rwkt/N9zaDtg7k0IhAEnarl4ieZh8rfZHkudZE=
leb.io/hashes v0.1.1/go.mod h1:FjHpnSCaPTgHf+IkGEOVFtQfTXAQP5d0v6V2JmUNX8w=
leb.io/hashland v0.0.0-20171003003232-07375b562dea/go.mod h1:OSwp5BNKniWS6joctn4Grabrxd2EERBB7pNzK9Ni3BQ=
leb.io/hrff v0.1.0 h1:HAhaPEnNEJp7pCbH/qgCT0VMNMQC7I10unCRuu08cKc=
leb.io/hrff v0.1.0/go.mod h1:EZ02Yctbwtxev2S/3jw6aKNrw2e/gkaaRk4fgnYFTec=
